{
  "name": "ng2-idle-example",
  "version": "1.0.0",
  "lockfileVersion": 1,
  "requires": true,
  "dependencies": {
    "@angular/compiler-cli": {
      "version": "4.3.6",
      "resolved": "https://registry.npmjs.org/@angular/compiler-cli/-/compiler-cli-4.3.6.tgz",
      "integrity": "sha1-avpq72jdaB5hs5i+TWJw5choCxI=",
      "requires": {
        "@angular/tsc-wrapped": "4.3.6",
        "minimist": "1.2.0",
        "reflect-metadata": "0.1.10"
      }
    },
    "@angular/tsc-wrapped": {
      "version": "4.3.6",
      "resolved": "https://registry.npmjs.org/@angular/tsc-wrapped/-/tsc-wrapped-4.3.6.tgz",
      "integrity": "sha1-GqZuCrLEeZpK0UtnXhOVOqX81DY=",
      "requires": {
        "tsickle": "0.21.6"
      }
    },
    "@ng-idle/core": {
      "version": "2.0.0-beta.2",
      "resolved": "https://registry.npmjs.org/@ng-idle/core/-/core-2.0.0-beta.2.tgz",
      "integrity": "sha1-5++eYzmbuIJqeL3n0D0QgmAGL9A="
    },
    "@ng-idle/keepalive": {
      "version": "2.0.0-beta.2",
      "resolved": "https://registry.npmjs.org/@ng-idle/keepalive/-/keepalive-2.0.0-beta.2.tgz",
      "integrity": "sha1-+cI5xeug8DMrvZDuohf4FeDIOFA="
    },
    "angular2-moment": {
      "version": "1.7.0",
      "resolved": "https://registry.npmjs.org/angular2-moment/-/angular2-moment-1.7.0.tgz",
      "integrity": "sha512-CwCs2KfzVsB2VMtW/eKmd7EYJf8vGvhXpwCgkTUEt0wpRBd4ad4lVdkrqeooL0zgbjxGlCHp3EJuRdEwUGDr+Q==",
      "requires": {
        "moment": "2.18.1"
      }
    },
    "minimist": {
      "version": "1.2.0",
      "resolved": "https://registry.npmjs.org/minimist/-/minimist-1.2.0.tgz",
      "integrity": "sha1-o1AIsg9BOD7sH7kU9M1d95omQoQ="
    },
    "mkdirp": {
      "version": "0.5.1",
      "resolved": "https://registry.npmjs.org/mkdirp/-/mkdirp-0.5.1.tgz",
      "integrity": "sha1-MAV0OOrGz3+MR2fzhkjWaX11yQM=",
      "requires": {
        "minimist": "0.0.8"
      },
      "dependencies": {
        "minimist": {
          "version": "0.0.8",
          "resolved": "https://registry.npmjs.org/minimist/-/minimist-0.0.8.tgz",
          "integrity": "sha1-hX/Kv8M5fSYluCKCYuhqp6ARsF0="
        }
      }
    },
    "moment": {
      "version": "2.18.1",
      "resolved": "https://registry.npmjs.org/moment/-/moment-2.18.1.tgz",
      "integrity": "sha1-w2GT3Tzhwu7SrbfIAtu8d6gbHA8="
    },
    "reflect-metadata": {
      "version": "0.1.10",
      "resolved": "https://registry.npmjs.org/reflect-metadata/-/reflect-metadata-0.1.10.tgz",
      "integrity": "sha1-tPg3BEFqytiZiMmxVjXUfgO5NEo="
    },
    "rxjs": {
      "version": "5.0.0-beta.12",
      "resolved": "https://registry.npmjs.org/rxjs/-/rxjs-5.0.0-beta.12.tgz",
      "integrity": "sha1-zf3i2MRjnSCud5S/+P3fMtp60zc=",
      "requires": {
        "symbol-observable": "1.0.4"
      }
    },
    "source-map": {
      "version": "0.5.7",
      "resolved": "https://registry.npmjs.org/source-map/-/source-map-0.5.7.tgz",
      "integrity": "sha1-igOdLRAh0i0eoUyA2OpGi6LvP8w="
    },
    "source-map-support": {
      "version": "0.4.16",
      "resolved": "https://registry.npmjs.org/source-map-support/-/source-map-support-0.4.16.tgz",
      "integrity": "sha512-A6vlydY7H/ljr4L2UOhDSajQdZQ6dMD7cLH0pzwcmwLyc9u8PNI4WGtnfDDzX7uzGL6c/T+ORL97Zlh+S4iOrg==",
      "requires": {
        "source-map": "0.5.7"
      }
    },
    "symbol-observable": {
      "version": "1.0.4",
      "resolved": "https://registry.npmjs.org/symbol-observable/-/symbol-observable-1.0.4.tgz",
      "integrity": "sha1-Kb9hXUqnEhvdiYsi1LP5vE4qoD0="
    },
    "tsickle": {
      "version": "0.21.6",
      "resolved": "https://registry.npmjs.org/tsickle/-/tsickle-0.21.6.tgz",
      "integrity": "sha1-U7Abl5xcE/2xOvs/uVgXflmRWI0=",
      "requires": {
        "minimist": "1.2.0",
        "mkdirp": "0.5.1",
        "source-map": "0.5.7",
        "source-map-support": "0.4.16"
      }
    }
  }
}
